
Microsoft Visual Studio Solution File, Format Version 12.00
# Visual Studio 2012
Project("{FAE04EC0-301F-11D3-BF4B-00C04F79EFBC}") = "Sandbox", "Sandbox\Sandbox.csproj", "{C97974F9-D3F1-4020-8F77-4CA529A65764}"
EndProject
Project("{2150E333-8FDC-42A3-9474-1A3956D46DE8}") = ".nuget", ".nuget", "{5AD63B1E-6064-4484-92C9-114862BE0A22}"
	ProjectSection(SolutionItems) = preProject
		.nuget\NuGet.Config = .nuget\NuGet.Config
		.nuget\NuGet.exe = .nuget\NuGet.exe
		.nuget\NuGet.targets = .nuget\NuGet.targets
	EndProjectSection
EndProject
Project("{FAE04EC0-301F-11D3-BF4B-00C04F79EFBC}") = "Mbtx", "Mbtx\Mbtx.csproj", "{889266B7-9F38-4871-A201-5E38B8B83210}"
EndProject
Global
	GlobalSection(SolutionConfigurationPlatforms) = preSolution
		Debug|Any CPU = Debug|Any CPU
		Release|Any CPU = Release|Any CPU
	EndGlobalSection
	GlobalSection(ProjectConfigurationPlatforms) = postSolution
		{C97974F9-D3F1-4020-8F77-4CA529A65764}.Debug|Any CPU.ActiveCfg = Debug|Any CPU
		{C97974F9-D3F1-4020-8F77-4CA529A65764}.Debug|Any CPU.Build.0 = Debug|Any CPU
		{C97974F9-D3F1-4020-8F77-4CA529A65764}.Release|Any CPU.ActiveCfg = Release|Any CPU
		{C97974F9-D3F1-4020-8F77-4CA529A65764}.Release|Any CPU.Build.0 = Release|Any CPU
		{889266B7-9F38-4871-A201-5E38B8B83210}.Debug|Any CPU.ActiveCfg = Debug|Any CPU
		{889266B7-9F38-4871-A201-5E38B8B83210}.Debug|Any CPU.Build.0 = Debug|Any CPU
		{889266B7-9F38-4871-A201-5E38B8B83210}.Release|Any CPU.ActiveCfg = Release|Any CPU
		{889266B7-9F38-4871-A201-5E38B8B83210}.Release|Any CPU.Build.0 = Release|Any CPU
	EndGlobalSection
	GlobalSection(SolutionProperties) = preSolution
		HideSolutionNode = FALSE
	EndGlobalSection
EndGlobal
